
Microsoft Visual Studio Solution File, Format Version 12.00
# Visual Studio Version 16
VisualStudioVersion = 16.0.33927.289
MinimumVisualStudioVersion = 10.0.40219.1
Project("{2150E333-8FDC-42A3-9474-1A3956D46DE8}") = "Task0", "Task0", "{6D3E2D0F-F1B7-4452-8F09-9C7711090E95}"
EndProject
Project("{FAE04EC0-301F-11D3-BF4B-00C04F79EFBC}") = "Tyuiu.PyatkovaAYu.Sprint1.Task0.V9", "Tyuiu.PyatkovaAYu.Sprint1.Task0.V9\Tyuiu.PyatkovaAYu.Sprint1.Task0.V9.csproj", "{42F67A84-E5D4-436E-9578-076AF308BD4C}"
EndProject
Project("{FAE04EC0-301F-11D3-BF4B-00C04F79EFBC}") = "Tyuiu.PyatkovaAYu.Sprint1.Task0.V9.Lib", "Tyuiu.PyatkovaAYu.Sprint1.Task0.V9.Lib\Tyuiu.PyatkovaAYu.Sprint1.Task0.V9.Lib.csproj", "{C3FD3C93-05B3-462B-AD5C-5D47FE49D5F2}"
EndProject
Project("{FAE04EC0-301F-11D3-BF4B-00C04F79EFBC}") = "Tyuiu.PyatkovaAYu.Sprint1.Task0.V9.Test", "Tyuiu.PyatkovaAYu.Sprint1.Task0.V9.Test\Tyuiu.PyatkovaAYu.Sprint1.Task0.V9.Test.csproj", "{62D68F86-E35B-428F-8109-1B082F5F1CC4}"
EndProject
Global
	GlobalSection(SolutionConfigurationPlatforms) = preSolution
		Debug|Any CPU = Debug|Any CPU
		Release|Any CPU = Release|Any CPU
	EndGlobalSection
	GlobalSection(ProjectConfigurationPlatforms) = postSolution
		{42F67A84-E5D4-436E-9578-076AF308BD4C}.Debug|Any CPU.ActiveCfg = Debug|Any CPU
		{42F67A84-E5D4-436E-9578-076AF308BD4C}.Debug|Any CPU.Build.0 = Debug|Any CPU
		{42F67A84-E5D4-436E-9578-076AF308BD4C}.Release|Any CPU.ActiveCfg = Release|Any CPU
		{42F67A84-E5D4-436E-9578-076AF308BD4C}.Release|Any CPU.Build.0 = Release|Any CPU
		{C3FD3C93-05B3-462B-AD5C-5D47FE49D5F2}.Debug|Any CPU.ActiveCfg = Debug|Any CPU
		{C3FD3C93-05B3-462B-AD5C-5D47FE49D5F2}.Debug|Any CPU.Build.0 = Debug|Any CPU
		{C3FD3C93-05B3-462B-AD5C-5D47FE49D5F2}.Release|Any CPU.ActiveCfg = Release|Any CPU
		{C3FD3C93-05B3-462B-AD5C-5D47FE49D5F2}.Release|Any CPU.Build.0 = Release|Any CPU
		{62D68F86-E35B-428F-8109-1B082F5F1CC4}.Debug|Any CPU.ActiveCfg = Debug|Any CPU
		{62D68F86-E35B-428F-8109-1B082F5F1CC4}.Debug|Any CPU.Build.0 = Debug|Any CPU
		{62D68F86-E35B-428F-8109-1B082F5F1CC4}.Release|Any CPU.ActiveCfg = Release|Any CPU
		{62D68F86-E35B-428F-8109-1B082F5F1CC4}.Release|Any CPU.Build.0 = Release|Any CPU
	EndGlobalSection
	GlobalSection(SolutionProperties) = preSolution
		HideSolutionNode = FALSE
	EndGlobalSection
	GlobalSection(NestedProjects) = preSolution
		{42F67A84-E5D4-436E-9578-076AF308BD4C} = {6D3E2D0F-F1B7-4452-8F09-9C7711090E95}
		{C3FD3C93-05B3-462B-AD5C-5D47FE49D5F2} = {6D3E2D0F-F1B7-4452-8F09-9C7711090E95}
		{62D68F86-E35B-428F-8109-1B082F5F1CC4} = {6D3E2D0F-F1B7-4452-8F09-9C7711090E95}
	EndGlobalSection
	GlobalSection(ExtensibilityGlobals) = postSolution
		SolutionGuid = {970A2432-980D-4283-A3B4-1B6D3CEDC417}
	EndGlobalSection
EndGlobal
