
Microsoft Visual Studio Solution File, Format Version 12.00
# Visual Studio Version 16
VisualStudioVersion = 16.0.33927.289
MinimumVisualStudioVersion = 10.0.40219.1
Project("{2150E333-8FDC-42A3-9474-1A3956D46DE8}") = "Task0", "Task0", "{6D3E2D0F-F1B7-4452-8F09-9C7711090E95}"
EndProject
Project("{FAE04EC0-301F-11D3-BF4B-00C04F79EFBC}") = "Tyuiu.PyatkovaAYu.Sprint1.Task0.V9", "Tyuiu.PyatkovaAYu.Sprint1.Task0.V9\Tyuiu.PyatkovaAYu.Sprint1.Task0.V9.csproj", "{42F67A84-E5D4-436E-9578-076AF308BD4C}"
EndProject
Project("{FAE04EC0-301F-11D3-BF4B-00C04F79EFBC}") = "Tyuiu.PyatkovaAYu.Sprint1.Task0.V9.Lib", "Tyuiu.PyatkovaAYu.Sprint1.Task0.V9.Lib\Tyuiu.PyatkovaAYu.Sprint1.Task0.V9.Lib.csproj", "{C3FD3C93-05B3-462B-AD5C-5D47FE49D5F2}"
EndProject
Project("{FAE04EC0-301F-11D3-BF4B-00C04F79EFBC}") = "Tyuiu.PyatkovaAYu.Sprint1.Task0.V9.Test", "Tyuiu.PyatkovaAYu.Sprint1.Task0.V9.Test\Tyuiu.PyatkovaAYu.Sprint1.Task0.V9.Test.csproj", "{62D68F86-E35B-428F-8109-1B082F5F1CC4}"
EndProject
Project("{2150E333-8FDC-42A3-9474-1A3956D46DE8}") = "Task1", "Task1", "{D2E5BC32-5E02-4AA7-8686-94571029BB4E}"
EndProject
Project("{FAE04EC0-301F-11D3-BF4B-00C04F79EFBC}") = "Tyuiu.PyatkovaAYu.Sprint1.Task1.V5", "Tyuiu.PyatkovaAYu.Sprint1.Task1.V5\Tyuiu.PyatkovaAYu.Sprint1.Task1.V5.csproj", "{10413057-4BC1-4F68-B6E5-0DA011AE1F96}"
EndProject
Project("{FAE04EC0-301F-11D3-BF4B-00C04F79EFBC}") = "Tyuiu.PyatkovaAYu.Sprint1.Task1.V5.Lib", "Tyuiu.PyatkovaAYu.Sprint1.Task1.V5.Lib\Tyuiu.PyatkovaAYu.Sprint1.Task1.V5.Lib.csproj", "{C9797A13-DA1A-4BFE-BF29-E996F67C8679}"
EndProject
Project("{FAE04EC0-301F-11D3-BF4B-00C04F79EFBC}") = "Tyuiu.PyatkovaAYu.Sprint1.Task1.V5.Test", "Tyuiu.PyatkovaAYu.Sprint1.Task1.V5.Test\Tyuiu.PyatkovaAYu.Sprint1.Task1.V5.Test.csproj", "{815957DE-21A8-43E0-A3F4-95FC3EF02A66}"
EndProject
Project("{2150E333-8FDC-42A3-9474-1A3956D46DE8}") = "Task2", "Task2", "{3E3803FA-FFB4-42CA-89E1-634DFA8779D4}"
EndProject
Project("{FAE04EC0-301F-11D3-BF4B-00C04F79EFBC}") = "Tyuiu.PyatkovaAYu.Sprint1.Task2.V28", "Tyuiu.PyatkovaAYu.Sprint1.Task2.V28\Tyuiu.PyatkovaAYu.Sprint1.Task2.V28.csproj", "{BC26B172-27D9-45C9-B4C5-329B6AAE997A}"
EndProject
Project("{FAE04EC0-301F-11D3-BF4B-00C04F79EFBC}") = "Tyuiu.PyatkovaAYu.Sprint1.Task2.V28.Lib", "Tyuiu.PyatkovaAYu.Sprint1.Task2.V28.Lib\Tyuiu.PyatkovaAYu.Sprint1.Task2.V28.Lib.csproj", "{8AB3E31D-D114-4754-A2B9-6B1E741989F9}"
EndProject
Project("{FAE04EC0-301F-11D3-BF4B-00C04F79EFBC}") = "Tyuiu.PyatkovaAYu.Sprint1.Task2.V28.Test", "Tyuiu.PyatkovaAYu.Sprint1.Task2.V28.Test\Tyuiu.PyatkovaAYu.Sprint1.Task2.V28.Test.csproj", "{236BE108-097D-406B-9A71-6A89798892B7}"
EndProject
Project("{2150E333-8FDC-42A3-9474-1A3956D46DE8}") = "Task3", "Task3", "{1A304E2D-E82B-4698-A522-3D1EFD87DCA3}"
EndProject
Project("{FAE04EC0-301F-11D3-BF4B-00C04F79EFBC}") = "Tyuiu.PyatkovaAYu.Sprint1.Task3.V6", "Tyuiu.PyatkovaAYu.Sprint1.Task3.V6\Tyuiu.PyatkovaAYu.Sprint1.Task3.V6.csproj", "{813D8230-F4C5-4C14-B9A2-40E5420FE008}"
EndProject
Project("{FAE04EC0-301F-11D3-BF4B-00C04F79EFBC}") = "Tyuiu.PyatkovaAYu.Sprint1.Task3.V6.Lib", "Tyuiu.PyatkovaAYu.Sprint1.Task3.V6.Lib\Tyuiu.PyatkovaAYu.Sprint1.Task3.V6.Lib.csproj", "{0BA2B271-E6C3-4947-B4AA-3E1A05EED782}"
EndProject
Project("{FAE04EC0-301F-11D3-BF4B-00C04F79EFBC}") = "Tyuiu.PyatkovaAYu.Sprint1.Task3.V6.Test", "Tyuiu.PyatkovaAYu.Sprint1.Task3.V6.Test\Tyuiu.PyatkovaAYu.Sprint1.Task3.V6.Test.csproj", "{7EBBEAD1-A78F-4279-BB6D-54EAA3C0EB14}"
EndProject
Project("{2150E333-8FDC-42A3-9474-1A3956D46DE8}") = "Task4", "Task4", "{9EAAC734-455D-4FB6-99C7-B340042BA50A}"
EndProject
Project("{FAE04EC0-301F-11D3-BF4B-00C04F79EFBC}") = "Tyuiu.PyatkovaAYu.Sprint1.Task4.V21", "Tyuiu.PyatkovaAYu.Sprint1.Task4.V21\Tyuiu.PyatkovaAYu.Sprint1.Task4.V21.csproj", "{97417D24-38C6-456A-9CBB-79FC070F0281}"
EndProject
Project("{FAE04EC0-301F-11D3-BF4B-00C04F79EFBC}") = "Tyuiu.PyatkovaAYu.Sprint1.Task4.V21.Lib", "Tyuiu.PyatkovaAYu.Sprint1.Task4.V21.Lib\Tyuiu.PyatkovaAYu.Sprint1.Task4.V21.Lib.csproj", "{64BCC532-3568-4FE9-8EEC-753E1D813CE0}"
EndProject
Project("{FAE04EC0-301F-11D3-BF4B-00C04F79EFBC}") = "Tyuiu.PyatkovaAYu.Sprint1.Task4.V21.Test", "Tyuiu.PyatkovaAYu.Sprint1.Task4.V21.Test\Tyuiu.PyatkovaAYu.Sprint1.Task4.V21.Test.csproj", "{C36F53D3-5E0D-440B-8C62-1FC0B1190FA4}"
EndProject
Global
	GlobalSection(SolutionConfigurationPlatforms) = preSolution
		Debug|Any CPU = Debug|Any CPU
		Release|Any CPU = Release|Any CPU
	EndGlobalSection
	GlobalSection(ProjectConfigurationPlatforms) = postSolution
		{42F67A84-E5D4-436E-9578-076AF308BD4C}.Debug|Any CPU.ActiveCfg = Debug|Any CPU
		{42F67A84-E5D4-436E-9578-076AF308BD4C}.Debug|Any CPU.Build.0 = Debug|Any CPU
		{42F67A84-E5D4-436E-9578-076AF308BD4C}.Release|Any CPU.ActiveCfg = Release|Any CPU
		{42F67A84-E5D4-436E-9578-076AF308BD4C}.Release|Any CPU.Build.0 = Release|Any CPU
		{C3FD3C93-05B3-462B-AD5C-5D47FE49D5F2}.Debug|Any CPU.ActiveCfg = Debug|Any CPU
		{C3FD3C93-05B3-462B-AD5C-5D47FE49D5F2}.Debug|Any CPU.Build.0 = Debug|Any CPU
		{C3FD3C93-05B3-462B-AD5C-5D47FE49D5F2}.Release|Any CPU.ActiveCfg = Release|Any CPU
		{C3FD3C93-05B3-462B-AD5C-5D47FE49D5F2}.Release|Any CPU.Build.0 = Release|Any CPU
		{62D68F86-E35B-428F-8109-1B082F5F1CC4}.Debug|Any CPU.ActiveCfg = Debug|Any CPU
		{62D68F86-E35B-428F-8109-1B082F5F1CC4}.Debug|Any CPU.Build.0 = Debug|Any CPU
		{62D68F86-E35B-428F-8109-1B082F5F1CC4}.Release|Any CPU.ActiveCfg = Release|Any CPU
		{62D68F86-E35B-428F-8109-1B082F5F1CC4}.Release|Any CPU.Build.0 = Release|Any CPU
		{10413057-4BC1-4F68-B6E5-0DA011AE1F96}.Debug|Any CPU.ActiveCfg = Debug|Any CPU
		{10413057-4BC1-4F68-B6E5-0DA011AE1F96}.Debug|Any CPU.Build.0 = Debug|Any CPU
		{10413057-4BC1-4F68-B6E5-0DA011AE1F96}.Release|Any CPU.ActiveCfg = Release|Any CPU
		{10413057-4BC1-4F68-B6E5-0DA011AE1F96}.Release|Any CPU.Build.0 = Release|Any CPU
		{C9797A13-DA1A-4BFE-BF29-E996F67C8679}.Debug|Any CPU.ActiveCfg = Debug|Any CPU
		{C9797A13-DA1A-4BFE-BF29-E996F67C8679}.Debug|Any CPU.Build.0 = Debug|Any CPU
		{C9797A13-DA1A-4BFE-BF29-E996F67C8679}.Release|Any CPU.ActiveCfg = Release|Any CPU
		{C9797A13-DA1A-4BFE-BF29-E996F67C8679}.Release|Any CPU.Build.0 = Release|Any CPU
		{815957DE-21A8-43E0-A3F4-95FC3EF02A66}.Debug|Any CPU.ActiveCfg = Debug|Any CPU
		{815957DE-21A8-43E0-A3F4-95FC3EF02A66}.Debug|Any CPU.Build.0 = Debug|Any CPU
		{815957DE-21A8-43E0-A3F4-95FC3EF02A66}.Release|Any CPU.ActiveCfg = Release|Any CPU
		{815957DE-21A8-43E0-A3F4-95FC3EF02A66}.Release|Any CPU.Build.0 = Release|Any CPU
		{BC26B172-27D9-45C9-B4C5-329B6AAE997A}.Debug|Any CPU.ActiveCfg = Debug|Any CPU
		{BC26B172-27D9-45C9-B4C5-329B6AAE997A}.Debug|Any CPU.Build.0 = Debug|Any CPU
		{BC26B172-27D9-45C9-B4C5-329B6AAE997A}.Release|Any CPU.ActiveCfg = Release|Any CPU
		{BC26B172-27D9-45C9-B4C5-329B6AAE997A}.Release|Any CPU.Build.0 = Release|Any CPU
		{8AB3E31D-D114-4754-A2B9-6B1E741989F9}.Debug|Any CPU.ActiveCfg = Debug|Any CPU
		{8AB3E31D-D114-4754-A2B9-6B1E741989F9}.Debug|Any CPU.Build.0 = Debug|Any CPU
		{8AB3E31D-D114-4754-A2B9-6B1E741989F9}.Release|Any CPU.ActiveCfg = Release|Any CPU
		{8AB3E31D-D114-4754-A2B9-6B1E741989F9}.Release|Any CPU.Build.0 = Release|Any CPU
		{236BE108-097D-406B-9A71-6A89798892B7}.Debug|Any CPU.ActiveCfg = Debug|Any CPU
		{236BE108-097D-406B-9A71-6A89798892B7}.Debug|Any CPU.Build.0 = Debug|Any CPU
		{236BE108-097D-406B-9A71-6A89798892B7}.Release|Any CPU.ActiveCfg = Release|Any CPU
		{236BE108-097D-406B-9A71-6A89798892B7}.Release|Any CPU.Build.0 = Release|Any CPU
		{813D8230-F4C5-4C14-B9A2-40E5420FE008}.Debug|Any CPU.ActiveCfg = Debug|Any CPU
		{813D8230-F4C5-4C14-B9A2-40E5420FE008}.Debug|Any CPU.Build.0 = Debug|Any CPU
		{813D8230-F4C5-4C14-B9A2-40E5420FE008}.Release|Any CPU.ActiveCfg = Release|Any CPU
		{813D8230-F4C5-4C14-B9A2-40E5420FE008}.Release|Any CPU.Build.0 = Release|Any CPU
		{0BA2B271-E6C3-4947-B4AA-3E1A05EED782}.Debug|Any CPU.ActiveCfg = Debug|Any CPU
		{0BA2B271-E6C3-4947-B4AA-3E1A05EED782}.Debug|Any CPU.Build.0 = Debug|Any CPU
		{0BA2B271-E6C3-4947-B4AA-3E1A05EED782}.Release|Any CPU.ActiveCfg = Release|Any CPU
		{0BA2B271-E6C3-4947-B4AA-3E1A05EED782}.Release|Any CPU.Build.0 = Release|Any CPU
		{7EBBEAD1-A78F-4279-BB6D-54EAA3C0EB14}.Debug|Any CPU.ActiveCfg = Debug|Any CPU
		{7EBBEAD1-A78F-4279-BB6D-54EAA3C0EB14}.Debug|Any CPU.Build.0 = Debug|Any CPU
		{7EBBEAD1-A78F-4279-BB6D-54EAA3C0EB14}.Release|Any CPU.ActiveCfg = Release|Any CPU
		{7EBBEAD1-A78F-4279-BB6D-54EAA3C0EB14}.Release|Any CPU.Build.0 = Release|Any CPU
		{97417D24-38C6-456A-9CBB-79FC070F0281}.Debug|Any CPU.ActiveCfg = Debug|Any CPU
		{97417D24-38C6-456A-9CBB-79FC070F0281}.Debug|Any CPU.Build.0 = Debug|Any CPU
		{97417D24-38C6-456A-9CBB-79FC070F0281}.Release|Any CPU.ActiveCfg = Release|Any CPU
		{97417D24-38C6-456A-9CBB-79FC070F0281}.Release|Any CPU.Build.0 = Release|Any CPU
		{64BCC532-3568-4FE9-8EEC-753E1D813CE0}.Debug|Any CPU.ActiveCfg = Debug|Any CPU
		{64BCC532-3568-4FE9-8EEC-753E1D813CE0}.Debug|Any CPU.Build.0 = Debug|Any CPU
		{64BCC532-3568-4FE9-8EEC-753E1D813CE0}.Release|Any CPU.ActiveCfg = Release|Any CPU
		{64BCC532-3568-4FE9-8EEC-753E1D813CE0}.Release|Any CPU.Build.0 = Release|Any CPU
		{C36F53D3-5E0D-440B-8C62-1FC0B1190FA4}.Debug|Any CPU.ActiveCfg = Debug|Any CPU
		{C36F53D3-5E0D-440B-8C62-1FC0B1190FA4}.Debug|Any CPU.Build.0 = Debug|Any CPU
		{C36F53D3-5E0D-440B-8C62-1FC0B1190FA4}.Release|Any CPU.ActiveCfg = Release|Any CPU
		{C36F53D3-5E0D-440B-8C62-1FC0B1190FA4}.Release|Any CPU.Build.0 = Release|Any CPU
	EndGlobalSection
	GlobalSection(SolutionProperties) = preSolution
		HideSolutionNode = FALSE
	EndGlobalSection
	GlobalSection(NestedProjects) = preSolution
		{42F67A84-E5D4-436E-9578-076AF308BD4C} = {6D3E2D0F-F1B7-4452-8F09-9C7711090E95}
		{C3FD3C93-05B3-462B-AD5C-5D47FE49D5F2} = {6D3E2D0F-F1B7-4452-8F09-9C7711090E95}
		{62D68F86-E35B-428F-8109-1B082F5F1CC4} = {6D3E2D0F-F1B7-4452-8F09-9C7711090E95}
		{10413057-4BC1-4F68-B6E5-0DA011AE1F96} = {D2E5BC32-5E02-4AA7-8686-94571029BB4E}
		{C9797A13-DA1A-4BFE-BF29-E996F67C8679} = {D2E5BC32-5E02-4AA7-8686-94571029BB4E}
		{815957DE-21A8-43E0-A3F4-95FC3EF02A66} = {D2E5BC32-5E02-4AA7-8686-94571029BB4E}
		{BC26B172-27D9-45C9-B4C5-329B6AAE997A} = {3E3803FA-FFB4-42CA-89E1-634DFA8779D4}
		{8AB3E31D-D114-4754-A2B9-6B1E741989F9} = {3E3803FA-FFB4-42CA-89E1-634DFA8779D4}
		{236BE108-097D-406B-9A71-6A89798892B7} = {3E3803FA-FFB4-42CA-89E1-634DFA8779D4}
		{813D8230-F4C5-4C14-B9A2-40E5420FE008} = {1A304E2D-E82B-4698-A522-3D1EFD87DCA3}
		{0BA2B271-E6C3-4947-B4AA-3E1A05EED782} = {1A304E2D-E82B-4698-A522-3D1EFD87DCA3}
		{7EBBEAD1-A78F-4279-BB6D-54EAA3C0EB14} = {1A304E2D-E82B-4698-A522-3D1EFD87DCA3}
		{97417D24-38C6-456A-9CBB-79FC070F0281} = {9EAAC734-455D-4FB6-99C7-B340042BA50A}
		{64BCC532-3568-4FE9-8EEC-753E1D813CE0} = {9EAAC734-455D-4FB6-99C7-B340042BA50A}
		{C36F53D3-5E0D-440B-8C62-1FC0B1190FA4} = {9EAAC734-455D-4FB6-99C7-B340042BA50A}
	EndGlobalSection
	GlobalSection(ExtensibilityGlobals) = postSolution
		SolutionGuid = {970A2432-980D-4283-A3B4-1B6D3CEDC417}
	EndGlobalSection
EndGlobal
